<?xml version="1.0" encoding="utf-8"?>
<Project ToolsVersion="4.0" xmlns="http://schemas.microsoft.com/developer/msbuild/2003">
  <ItemGroup>
    <Filter Include="include">
      <UniqueIdentifier>{0e9f5fd6-522e-4205-a519-eb7e8d29f8e7}</UniqueIdentifier>
    </Filter>
    <Filter Include="common">
      <UniqueIdentifier>{9af58a45-5071-4bd3-b60c-642220f4e640}</UniqueIdentifier>
    </Filter>
    <Filter Include="crypto">
      <UniqueIdentifier>{619ca894-40d3-49e3-af46-f20fc65e58d0}</UniqueIdentifier>
    </Filter>
    <Filter Include="crypto\secret_key">
      <UniqueIdentifier>{50b26388-dde3-40e1-a874-2aa7bf29617f}</UniqueIdentifier>
    </Filter>
    <Filter Include="crypto\padding">
      <UniqueIdentifier>{d1a8d251-38c3-43df-bc2a-34272f23d8bb}</UniqueIdentifier>
    </Filter>
    <Filter Include="crypto\mode">
      <UniqueIdentifier>{17589291-e1c7-41c3-a3c1-8648d9c857d9}</UniqueIdentifier>
    </Filter>
    <Filter Include="include\common">
      <UniqueIdentifier>{40bec424-5bad-4524-ba67-755013a7df71}</UniqueIdentifier>
    </Filter>
    <Filter Include="include\crypto">
      <UniqueIdentifier>{84cdced0-3c16-4e1c-ab20-442dfe84bcab}</UniqueIdentifier>
    </Filter>
    <Filter Include="include\crypto\secret_key">
      <UniqueIdentifier>{d1c2cb6e-309d-4068-8a23-e77f2bd72c5c}</UniqueIdentifier>
    </Filter>
    <Filter Include="include\crypto\padding">
      <UniqueIdentifier>{fed77763-5ccb-4408-8674-8c0c5d580db6}</UniqueIdentifier>
    </Filter>
    <Filter Include="include\crypto\mode">
      <UniqueIdentifier>{c343fde1-e1dd-49ee-bf65-8ad68d9b293f}</UniqueIdentifier>
    </Filter>
  </ItemGroup>
  <ItemGroup>
    <ClCompile Include="src\crypto\secret_key\twofish.cc">
      <Filter>crypto\secret_key</Filter>
    </ClCompile>
    <ClCompile Include="src\crypto\secret_key\aes_ni.cc">
      <Filter>crypto\secret_key</Filter>
    </ClCompile>
    <ClCompile Include="src\crypto\secret_key\aes_simd.cc">
      <Filter>crypto\secret_key</Filter>
    </ClCompile>
    <ClCompile Include="src\crypto\secret_key\camellia.cc">
      <Filter>crypto\secret_key</Filter>
    </ClCompile>
    <ClCompile Include="src\crypto\secret_key\cast128.cc">
      <Filter>crypto\secret_key</Filter>
    </ClCompile>
    <ClCompile Include="src\crypto\secret_key\cast256.cc">
      <Filter>crypto\secret_key</Filter>
    </ClCompile>
    <ClCompile Include="src\crypto\secret_key\des.cc">
      <Filter>crypto\secret_key</Filter>
    </ClCompile>
    <ClCompile Include="src\crypto\secret_key\rc6.cc">
      <Filter>crypto\secret_key</Filter>
    </ClCompile>
    <ClCompile Include="src\crypto\secret_key\seed.cc">
      <Filter>crypto\secret_key</Filter>
    </ClCompile>
    <ClCompile Include="src\crypto\secret_key\aes.cc">
      <Filter>crypto\secret_key</Filter>
    </ClCompile>
    <ClCompile Include="src\crypto\mode\cbc.cc">
      <Filter>crypto\mode</Filter>
    </ClCompile>
    <ClCompile Include="src\crypto\mode\cfb.cc">
      <Filter>crypto\mode</Filter>
    </ClCompile>
    <ClCompile Include="src\crypto\mode\ctr.cc">
      <Filter>crypto\mode</Filter>
    </ClCompile>
    <ClCompile Include="src\crypto\mode\ecb.cc">
      <Filter>crypto\mode</Filter>
    </ClCompile>
    <ClCompile Include="src\crypto\mode\ofb.cc">
      <Filter>crypto\mode</Filter>
    </ClCompile>
    <ClCompile Include="src\crypto\padding\pkcs7.cc">
      <Filter>crypto\padding</Filter>
    </ClCompile>
    <ClCompile Include="src\common\base64.cc">
      <Filter>common</Filter>
    </ClCompile>
    <ClCompile Include="src\common\bit.cc">
      <Filter>common</Filter>
    </ClCompile>
  </ItemGroup>
  <ItemGroup>
    <ClInclude Include="src\include\cryptography.h">
      <Filter>include</Filter>
    </ClInclude>
    <ClInclude Include="src\include\common\base64.h">
      <Filter>include\common</Filter>
    </ClInclude>
    <ClInclude Include="src\include\common\bit.h">
      <Filter>include\common</Filter>
    </ClInclude>
    <ClInclude Include="src\include\common\defs.h">
      <Filter>include\common</Filter>
    </ClInclude>
    <ClInclude Include="src\include\common\endian.h">
      <Filter>include\common</Filter>
    </ClInclude>
    <ClInclude Include="src\include\common\simd.h">
      <Filter>include\common</Filter>
    </ClInclude>
    <ClInclude Include="src\include\crypto\secret_key\aes.h">
      <Filter>include\crypto\secret_key</Filter>
    </ClInclude>
    <ClInclude Include="src\include\crypto\secret_key\camellia.h">
      <Filter>include\crypto\secret_key</Filter>
    </ClInclude>
    <ClInclude Include="src\include\crypto\secret_key\cast128.h">
      <Filter>include\crypto\secret_key</Filter>
    </ClInclude>
    <ClInclude Include="src\include\crypto\secret_key\cast256.h">
      <Filter>include\crypto\secret_key</Filter>
    </ClInclude>
    <ClInclude Include="src\include\crypto\secret_key\des.h">
      <Filter>include\crypto\secret_key</Filter>
    </ClInclude>
    <ClInclude Include="src\include\crypto\secret_key\rc6.h">
      <Filter>include\crypto\secret_key</Filter>
    </ClInclude>
    <ClInclude Include="src\include\crypto\secret_key\secret_key.h">
      <Filter>include\crypto\secret_key</Filter>
    </ClInclude>
    <ClInclude Include="src\include\crypto\secret_key\secret_key_base.h">
      <Filter>include\crypto\secret_key</Filter>
    </ClInclude>
    <ClInclude Include="src\include\crypto\secret_key\seed.h">
      <Filter>include\crypto\secret_key</Filter>
    </ClInclude>
    <ClInclude Include="src\include\crypto\secret_key\twofish.h">
      <Filter>include\crypto\secret_key</Filter>
    </ClInclude>
    <ClInclude Include="src\include\crypto\padding\pkcs7.h">
      <Filter>include\crypto\padding</Filter>
    </ClInclude>
    <ClInclude Include="src\include\crypto\mode\cbc.h">
      <Filter>include\crypto\mode</Filter>
    </ClInclude>
    <ClInclude Include="src\include\crypto\mode\cfb.h">
      <Filter>include\crypto\mode</Filter>
    </ClInclude>
    <ClInclude Include="src\include\crypto\mode\ctr.h">
      <Filter>include\crypto\mode</Filter>
    </ClInclude>
    <ClInclude Include="src\include\crypto\mode\ecb.h">
      <Filter>include\crypto\mode</Filter>
    </ClInclude>
    <ClInclude Include="src\include\crypto\mode\mode.h">
      <Filter>include\crypto\mode</Filter>
    </ClInclude>
    <ClInclude Include="src\include\crypto\mode\ofb.h">
      <Filter>include\crypto\mode</Filter>
    </ClInclude>
  </ItemGroup>
</Project>